// !$*UTF8*$!
{
	archiveVersion = 1;
	classes = {
	};
	objectVersion = 56;
	objects = {

/* Begin PBXBuildFile section */
		625C8C9F2AF824570025F84A /* guiApp.swift in Sources */ = {isa = PBXBuildFile; fileRef = 625C8C9E2AF824570025F84A /* guiApp.swift */; };
		625C8CA12AF824570025F84A /* ContentView.swift in Sources */ = {isa = PBXBuildFile; fileRef = 625C8CA02AF824570025F84A /* ContentView.swift */; };
		625C8CA32AF824580025F84A /* Assets.xcassets in Resources */ = {isa = PBXBuildFile; fileRef = 625C8CA22AF824580025F84A /* Assets.xcassets */; };
		625C8CA72AF824580025F84A /* Preview Assets.xcassets in Resources */ = {isa = PBXBuildFile; fileRef = 625C8CA62AF824580025F84A /* Preview Assets.xcassets */; };
		625C8CB12AF824580025F84A /* guiTests.swift in Sources */ = {isa = PBXBuildFile; fileRef = 625C8CB02AF824580025F84A /* guiTests.swift */; };
		625C8CBB2AF824580025F84A /* guiUITests.swift in Sources */ = {isa = PBXBuildFile; fileRef = 625C8CBA2AF824580025F84A /* guiUITests.swift */; };
		625C8CBD2AF824580025F84A /* guiUITestsLaunchTests.swift in Sources */ = {isa = PBXBuildFile; fileRef = 625C8CBC2AF824580025F84A /* guiUITestsLaunchTests.swift */; };
/* End PBXBuildFile section */

/* Begin PBXContainerItemProxy section */
		625C8CAD2AF824580025F84A /* PBXContainerItemProxy */ = {
			isa = PBXContainerItemProxy;
			containerPortal = 625C8C932AF824570025F84A /* Project object */;
			proxyType = 1;
			remoteGlobalIDString = 625C8C9A2AF824570025F84A;
			remoteInfo = gui;
		};
		625C8CB72AF824580025F84A /* PBXContainerItemProxy */ = {
			isa = PBXContainerItemProxy;
			containerPortal = 625C8C932AF824570025F84A /* Project object */;
			proxyType = 1;
			remoteGlobalIDString = 625C8C9A2AF824570025F84A;
			remoteInfo = gui;
		};
/* End PBXContainerItemProxy section */

/* Begin PBXFileReference section */
		625C8C9B2AF824570025F84A /* gui.app */ = {isa = PBXFileReference; explicitFileType = wrapper.application; includeInIndex = 0; path = gui.app; sourceTree = BUILT_PRODUCTS_DIR; };
		625C8C9E2AF824570025F84A /* guiApp.swift */ = {isa = PBXFileReference; lastKnownFileType = sourcecode.swift; path = guiApp.swift; sourceTree = "<group>"; };
		625C8CA02AF824570025F84A /* ContentView.swift */ = {isa = PBXFileReference; lastKnownFileType = sourcecode.swift; path = ContentView.swift; sourceTree = "<group>"; };
		625C8CA22AF824580025F84A /* Assets.xcassets */ = {isa = PBXFileReference; lastKnownFileType = folder.assetcatalog; path = Assets.xcassets; sourceTree = "<group>"; };
		625C8CA42AF824580025F84A /* gui.entitlements */ = {isa = PBXFileReference; lastKnownFileType = text.plist.entitlements; path = gui.entitlements; sourceTree = "<group>"; };
		625C8CA62AF824580025F84A /* Preview Assets.xcassets */ = {isa = PBXFileReference; lastKnownFileType = folder.assetcatalog; path = "Preview Assets.xcassets"; sourceTree = "<group>"; };
		625C8CAC2AF824580025F84A /* guiTests.xctest */ = {isa = PBXFileReference; explicitFileType = wrapper.cfbundle; includeInIndex = 0; path = guiTests.xctest; sourceTree = BUILT_PRODUCTS_DIR; };
		625C8CB02AF824580025F84A /* guiTests.swift */ = {isa = PBXFileReference; lastKnownFileType = sourcecode.swift; path = guiTests.swift; sourceTree = "<group>"; };
		625C8CB62AF824580025F84A /* guiUITests.xctest */ = {isa = PBXFileReference; explicitFileType = wrapper.cfbundle; includeInIndex = 0; path = guiUITests.xctest; sourceTree = BUILT_PRODUCTS_DIR; };
		625C8CBA2AF824580025F84A /* guiUITests.swift */ = {isa = PBXFileReference; lastKnownFileType = sourcecode.swift; path = guiUITests.swift; sourceTree = "<group>"; };
		625C8CBC2AF824580025F84A /* guiUITestsLaunchTests.swift */ = {isa = PBXFileReference; lastKnownFileType = sourcecode.swift; path = guiUITestsLaunchTests.swift; sourceTree = "<group>"; };
/* End PBXFileReference section */

/* Begin PBXFrameworksBuildPhase section */
		625C8C982AF824570025F84A /* Frameworks */ = {
			isa = PBXFrameworksBuildPhase;
			buildActionMask = 2147483647;
			files = (
			);
			runOnlyForDeploymentPostprocessing = 0;
		};
		625C8CA92AF824580025F84A /* Frameworks */ = {
			isa = PBXFrameworksBuildPhase;
			buildActionMask = 2147483647;
			files = (
			);
			runOnlyForDeploymentPostprocessing = 0;
		};
		625C8CB32AF824580025F84A /* Frameworks */ = {
			isa = PBXFrameworksBuildPhase;
			buildActionMask = 2147483647;
			files = (
			);
			runOnlyForDeploymentPostprocessing = 0;
		};
/* End PBXFrameworksBuildPhase section */

/* Begin PBXGroup section */
		625C8C922AF824570025F84A = {
			isa = PBXGroup;
			children = (
				625C8C9D2AF824570025F84A /* gui */,
				625C8CAF2AF824580025F84A /* guiTests */,
				625C8CB92AF824580025F84A /* guiUITests */,
				625C8C9C2AF824570025F84A /* Products */,
			);
			sourceTree = "<group>";
		};
		625C8C9C2AF824570025F84A /* Products */ = {
			isa = PBXGroup;
			children = (
				625C8C9B2AF824570025F84A /* gui.app */,
				625C8CAC2AF824580025F84A /* guiTests.xctest */,
				625C8CB62AF824580025F84A /* guiUITests.xctest */,
			);
			name = Products;
			sourceTree = "<group>";
		};
		625C8C9D2AF824570025F84A /* gui */ = {
			isa = PBXGroup;
			children = (
				625C8C9E2AF824570025F84A /* guiApp.swift */,
				625C8CA02AF824570025F84A /* ContentView.swift */,
				625C8CA22AF824580025F84A /* Assets.xcassets */,
				625C8CA42AF824580025F84A /* gui.entitlements */,
				625C8CA52AF824580025F84A /* Preview Content */,
			);
			path = gui;
			sourceTree = "<group>";
		};
		625C8CA52AF824580025F84A /* Preview Content */ = {
			isa = PBXGroup;
			children = (
				625C8CA62AF824580025F84A /* Preview Assets.xcassets */,
			);
			path = "Preview Content";
			sourceTree = "<group>";
		};
		625C8CAF2AF824580025F84A /* guiTests */ = {
			isa = PBXGroup;
			children = (
				625C8CB02AF824580025F84A /* guiTests.swift */,
			);
			path = guiTests;
			sourceTree = "<group>";
		};
		625C8CB92AF824580025F84A /* guiUITests */ = {
			isa = PBXGroup;
			children = (
				625C8CBA2AF824580025F84A /* guiUITests.swift */,
				625C8CBC2AF824580025F84A /* guiUITestsLaunchTests.swift */,
			);
			path = guiUITests;
			sourceTree = "<group>";
		};
/* End PBXGroup section */

/* Begin PBXNativeTarget section */
		625C8C9A2AF824570025F84A /* gui */ = {
			isa = PBXNativeTarget;
			buildConfigurationList = 625C8CC02AF824580025F84A /* Build configuration list for PBXNativeTarget "gui" */;
			buildPhases = (
				625C8C972AF824570025F84A /* Sources */,
				625C8C982AF824570025F84A /* Frameworks */,
				625C8C992AF824570025F84A /* Resources */,
			);
			buildRules = (
			);
			dependencies = (
			);
			name = gui;
			productName = gui;
			productReference = 625C8C9B2AF824570025F84A /* gui.app */;
			productType = "com.apple.product-type.application";
		};
		625C8CAB2AF824580025F84A /* guiTests */ = {
			isa = PBXNativeTarget;
			buildConfigurationList = 625C8CC32AF824580025F84A /* Build configuration list for PBXNativeTarget "guiTests" */;
			buildPhases = (
				625C8CA82AF824580025F84A /* Sources */,
				625C8CA92AF824580025F84A /* Frameworks */,
				625C8CAA2AF824580025F84A /* Resources */,
			);
			buildRules = (
			);
			dependencies = (
				625C8CAE2AF824580025F84A /* PBXTargetDependency */,
			);
			name = guiTests;
			productName = guiTests;
			productReference = 625C8CAC2AF824580025F84A /* guiTests.xctest */;
			productType = "com.apple.product-type.bundle.unit-test";
		};
		625C8CB52AF824580025F84A /* guiUITests */ = {
			isa = PBXNativeTarget;
			buildConfigurationList = 625C8CC62AF824580025F84A /* Build configuration list for PBXNativeTarget "guiUITests" */;
			buildPhases = (
				625C8CB22AF824580025F84A /* Sources */,
				625C8CB32AF824580025F84A /* Frameworks */,
				625C8CB42AF824580025F84A /* Resources */,
			);
			buildRules = (
			);
			dependencies = (
				625C8CB82AF824580025F84A /* PBXTargetDependency */,
			);
			name = guiUITests;
			productName = guiUITests;
			productReference = 625C8CB62AF824580025F84A /* guiUITests.xctest */;
			productType = "com.apple.product-type.bundle.ui-testing";
		};
/* End PBXNativeTarget section */

/* Begin PBXProject section */
		625C8C932AF824570025F84A /* Project object */ = {
			isa = PBXProject;
			attributes = {
				BuildIndependentTargetsInParallel = 1;
				LastSwiftUpdateCheck = 1500;
				LastUpgradeCheck = 1500;
				TargetAttributes = {
					625C8C9A2AF824570025F84A = {
						CreatedOnToolsVersion = 15.0;
					};
					625C8CAB2AF824580025F84A = {
						CreatedOnToolsVersion = 15.0;
						TestTargetID = 625C8C9A2AF824570025F84A;
					};
					625C8CB52AF824580025F84A = {
						CreatedOnToolsVersion = 15.0;
						TestTargetID = 625C8C9A2AF824570025F84A;
					};
				};
			};
			buildConfigurationList = 625C8C962AF824570025F84A /* Build configuration list for PBXProject "gui" */;
			compatibilityVersion = "Xcode 14.0";
			developmentRegion = en;
			hasScannedForEncodings = 0;
			knownRegions = (
				en,
				Base,
			);
			mainGroup = 625C8C922AF824570025F84A;
			productRefGroup = 625C8C9C2AF824570025F84A /* Products */;
			projectDirPath = "";
			projectRoot = "";
			targets = (
				625C8C9A2AF824570025F84A /* gui */,
				625C8CAB2AF824580025F84A /* guiTests */,
				625C8CB52AF824580025F84A /* guiUITests */,
			);
		};
/* End PBXProject section */

/* Begin PBXResourcesBuildPhase section */
		625C8C992AF824570025F84A /* Resources */ = {
			isa = PBXResourcesBuildPhase;
			buildActionMask = 2147483647;
			files = (
				625C8CA72AF824580025F84A /* Preview Assets.xcassets in Resources */,
				625C8CA32AF824580025F84A /* Assets.xcassets in Resources */,
			);
			runOnlyForDeploymentPostprocessing = 0;
		};
		625C8CAA2AF824580025F84A /* Resources */ = {
			isa = PBXResourcesBuildPhase;
			buildActionMask = 2147483647;
			files = (
			);
			runOnlyForDeploymentPostprocessing = 0;
		};
		625C8CB42AF824580025F84A /* Resources */ = {
			isa = PBXResourcesBuildPhase;
			buildActionMask = 2147483647;
			files = (
			);
			runOnlyForDeploymentPostprocessing = 0;
		};
/* End PBXResourcesBuildPhase section */

/* Begin PBXSourcesBuildPhase section */
		625C8C972AF824570025F84A /* Sources */ = {
			isa = PBXSourcesBuildPhase;
			buildActionMask = 2147483647;
			files = (
				625C8CA12AF824570025F84A /* ContentView.swift in Sources */,
				625C8C9F2AF824570025F84A /* guiApp.swift in Sources */,
			);
			runOnlyForDeploymentPostprocessing = 0;
		};
		625C8CA82AF824580025F84A /* Sources */ = {
			isa = PBXSourcesBuildPhase;
			buildActionMask = 2147483647;
			files = (
				625C8CB12AF824580025F84A /* guiTests.swift in Sources */,
			);
			runOnlyForDeploymentPostprocessing = 0;
		};
		625C8CB22AF824580025F84A /* Sources */ = {
			isa = PBXSourcesBuildPhase;
			buildActionMask = 2147483647;
			files = (
				625C8CBD2AF824580025F84A /* guiUITestsLaunchTests.swift in Sources */,
				625C8CBB2AF824580025F84A /* guiUITests.swift in Sources */,
			);
			runOnlyForDeploymentPostprocessing = 0;
		};
/* End PBXSourcesBuildPhase section */

/* Begin PBXTargetDependency section */
		625C8CAE2AF824580025F84A /* PBXTargetDependency */ = {
			isa = PBXTargetDependency;
			target = 625C8C9A2AF824570025F84A /* gui */;
			targetProxy = 625C8CAD2AF824580025F84A /* PBXContainerItemProxy */;
		};
		625C8CB82AF824580025F84A /* PBXTargetDependency */ = {
			isa = PBXTargetDependency;
			target = 625C8C9A2AF824570025F84A /* gui */;
			targetProxy = 625C8CB72AF824580025F84A /* PBXContainerItemProxy */;
		};
/* End PBXTargetDependency section */

/* Begin XCBuildConfiguration section */
		625C8CBE2AF824580025F84A /* Debug */ = {
			isa = XCBuildConfiguration;
			buildSettings = {
				ALWAYS_SEARCH_USER_PATHS = NO;
				ASSETCATALOG_COMPILER_GENERATE_SWIFT_ASSET_SYMBOL_EXTENSIONS = YES;
				CLANG_ANALYZER_NONNULL = YES;
				CLANG_ANALYZER_NUMBER_OBJECT_CONVERSION = YES_AGGRESSIVE;
				CLANG_CXX_LANGUAGE_STANDARD = "gnu++20";
				CLANG_ENABLE_MODULES = YES;
				CLANG_ENABLE_OBJC_ARC = YES;
				CLANG_ENABLE_OBJC_WEAK = YES;
				CLANG_WARN_BLOCK_CAPTURE_AUTORELEASING = YES;
				CLANG_WARN_BOOL_CONVERSION = YES;
				CLANG_WARN_COMMA = YES;
				CLANG_WARN_CONSTANT_CONVERSION = YES;
				CLANG_WARN_DEPRECATED_OBJC_IMPLEMENTATIONS = YES;
				CLANG_WARN_DIRECT_OBJC_ISA_USAGE = YES_ERROR;
				CLANG_WARN_DOCUMENTATION_COMMENTS = YES;
				CLANG_WARN_EMPTY_BODY = YES;
				CLANG_WARN_ENUM_CONVERSION = YES;
				CLANG_WARN_INFINITE_RECURSION = YES;
				CLANG_WARN_INT_CONVERSION = YES;
				CLANG_WARN_NON_LITERAL_NULL_CONVERSION = YES;
				CLANG_WARN_OBJC_IMPLICIT_RETAIN_SELF = YES;
				CLANG_WARN_OBJC_LITERAL_CONVERSION = YES;
				CLANG_WARN_OBJC_ROOT_CLASS = YES_ERROR;
				CLANG_WARN_QUOTED_INCLUDE_IN_FRAMEWORK_HEADER = YES;
				CLANG_WARN_RANGE_LOOP_ANALYSIS = YES;
				CLANG_WARN_STRICT_PROTOTYPES = YES;
				CLANG_WARN_SUSPICIOUS_MOVE = YES;
				CLANG_WARN_UNGUARDED_AVAILABILITY = YES_AGGRESSIVE;
				CLANG_WARN_UNREACHABLE_CODE = YES;
				CLANG_WARN__DUPLICATE_METHOD_MATCH = YES;
				COPY_PHASE_STRIP = NO;
				DEBUG_INFORMATION_FORMAT = dwarf;
				ENABLE_STRICT_OBJC_MSGSEND = YES;
				ENABLE_TESTABILITY = YES;
				ENABLE_USER_SCRIPT_SANDBOXING = YES;
				GCC_C_LANGUAGE_STANDARD = gnu17;
				GCC_DYNAMIC_NO_PIC = NO;
				GCC_NO_COMMON_BLOCKS = YES;
				GCC_OPTIMIZATION_LEVEL = 0;
				GCC_PREPROCESSOR_DEFINITIONS = (
					"DEBUG=1",
					"$(inherited)",
				);
				GCC_WARN_64_TO_32_BIT_CONVERSION = YES;
				GCC_WARN_ABOUT_RETURN_TYPE = YES_ERROR;
				GCC_WARN_UNDECLARED_SELECTOR = YES;
				GCC_WARN_UNINITIALIZED_AUTOS = YES_AGGRESSIVE;
				GCC_WARN_UNUSED_FUNCTION = YES;
				GCC_WARN_UNUSED_VARIABLE = YES;
				LOCALIZATION_PREFERS_STRING_CATALOGS = YES;
				MTL_ENABLE_DEBUG_INFO = INCLUDE_SOURCE;
				MTL_FAST_MATH = YES;
				ONLY_ACTIVE_ARCH = YES;
				SWIFT_ACTIVE_COMPILATION_CONDITIONS = "DEBUG $(inherited)";
				SWIFT_OPTIMIZATION_LEVEL = "-Onone";
			};
			name = Debug;
		};
		625C8CBF2AF824580025F84A /* Release */ = {
			isa = XCBuildConfiguration;
			buildSettings = {
				ALWAYS_SEARCH_USER_PATHS = NO;
				ASSETCATALOG_COMPILER_GENERATE_SWIFT_ASSET_SYMBOL_EXTENSIONS = YES;
				CLANG_ANALYZER_NONNULL = YES;
				CLANG_ANALYZER_NUMBER_OBJECT_CONVERSION = YES_AGGRESSIVE;
				CLANG_CXX_LANGUAGE_STANDARD = "gnu++20";
				CLANG_ENABLE_MODULES = YES;
				CLANG_ENABLE_OBJC_ARC = YES;
				CLANG_ENABLE_OBJC_WEAK = YES;
				CLANG_WARN_BLOCK_CAPTURE_AUTORELEASING = YES;
				CLANG_WARN_BOOL_CONVERSION = YES;
				CLANG_WARN_COMMA = YES;
				CLANG_WARN_CONSTANT_CONVERSION = YES;
				CLANG_WARN_DEPRECATED_OBJC_IMPLEMENTATIONS = YES;
				CLANG_WARN_DIRECT_OBJC_ISA_USAGE = YES_ERROR;
				CLANG_WARN_DOCUMENTATION_COMMENTS = YES;
				CLANG_WARN_EMPTY_BODY = YES;
				CLANG_WARN_ENUM_CONVERSION = YES;
				CLANG_WARN_INFINITE_RECURSION = YES;
				CLANG_WARN_INT_CONVERSION = YES;
				CLANG_WARN_NON_LITERAL_NULL_CONVERSION = YES;
				CLANG_WARN_OBJC_IMPLICIT_RETAIN_SELF = YES;
				CLANG_WARN_OBJC_LITERAL_CONVERSION = YES;
				CLANG_WARN_OBJC_ROOT_CLASS = YES_ERROR;
				CLANG_WARN_QUOTED_INCLUDE_IN_FRAMEWORK_HEADER = YES;
				CLANG_WARN_RANGE_LOOP_ANALYSIS = YES;
				CLANG_WARN_STRICT_PROTOTYPES = YES;
				CLANG_WARN_SUSPICIOUS_MOVE = YES;
				CLANG_WARN_UNGUARDED_AVAILABILITY = YES_AGGRESSIVE;
				CLANG_WARN_UNREACHABLE_CODE = YES;
				CLANG_WARN__DUPLICATE_METHOD_MATCH = YES;
				COPY_PHASE_STRIP = NO;
				DEBUG_INFORMATION_FORMAT = "dwarf-with-dsym";
				ENABLE_NS_ASSERTIONS = NO;
				ENABLE_STRICT_OBJC_MSGSEND = YES;
				ENABLE_USER_SCRIPT_SANDBOXING = YES;
				GCC_C_LANGUAGE_STANDARD = gnu17;
				GCC_NO_COMMON_BLOCKS = YES;
				GCC_WARN_64_TO_32_BIT_CONVERSION = YES;
				GCC_WARN_ABOUT_RETURN_TYPE = YES_ERROR;
				GCC_WARN_UNDECLARED_SELECTOR = YES;
				GCC_WARN_UNINITIALIZED_AUTOS = YES_AGGRESSIVE;
				GCC_WARN_UNUSED_FUNCTION = YES;
				GCC_WARN_UNUSED_VARIABLE = YES;
				LOCALIZATION_PREFERS_STRING_CATALOGS = YES;
				MTL_ENABLE_DEBUG_INFO = NO;
				MTL_FAST_MATH = YES;
				SWIFT_COMPILATION_MODE = wholemodule;
			};
			name = Release;
		};
		625C8CC12AF824580025F84A /* Debug */ = {
			isa = XCBuildConfiguration;
			buildSettings = {
				ASSETCATALOG_COMPILER_APPICON_NAME = AppIcon;
				ASSETCATALOG_COMPILER_GLOBAL_ACCENT_COLOR_NAME = AccentColor;
				CODE_SIGN_ENTITLEMENTS = gui/gui.entitlements;
				CODE_SIGN_STYLE = Automatic;
				CURRENT_PROJECT_VERSION = 1;
				DEVELOPMENT_ASSET_PATHS = "\"gui/Preview Content\"";
				DEVELOPMENT_TEAM = M5822C5647;
				ENABLE_HARDENED_RUNTIME = YES;
				ENABLE_PREVIEWS = YES;
				GENERATE_INFOPLIST_FILE = YES;
				"INFOPLIST_KEY_UIApplicationSceneManifest_Generation[sdk=iphoneos*]" = YES;
				"INFOPLIST_KEY_UIApplicationSceneManifest_Generation[sdk=iphonesimulator*]" = YES;
				"INFOPLIST_KEY_UIApplicationSupportsIndirectInputEvents[sdk=iphoneos*]" = YES;
				"INFOPLIST_KEY_UIApplicationSupportsIndirectInputEvents[sdk=iphonesimulator*]" = YES;
				"INFOPLIST_KEY_UILaunchScreen_Generation[sdk=iphoneos*]" = YES;
				"INFOPLIST_KEY_UILaunchScreen_Generation[sdk=iphonesimulator*]" = YES;
				"INFOPLIST_KEY_UIStatusBarStyle[sdk=iphoneos*]" = UIStatusBarStyleDefault;
				"INFOPLIST_KEY_UIStatusBarStyle[sdk=iphonesimulator*]" = UIStatusBarStyleDefault;
				INFOPLIST_KEY_UISupportedInterfaceOrientations_iPad = "UIInterfaceOrientationPortrait UIInterfaceOrientationPortraitUpsideDown UIInterfaceOrientationLandscapeLeft UIInterfaceOrientationLandscapeRight";
				INFOPLIST_KEY_UISupportedInterfaceOrientations_iPhone = "UIInterfaceOrientationPortrait UIInterfaceOrientationLandscapeLeft UIInterfaceOrientationLandscapeRight";
				IPHONEOS_DEPLOYMENT_TARGET = 17.0;
				LD_RUNPATH_SEARCH_PATHS = "@executable_path/Frameworks";
				"LD_RUNPATH_SEARCH_PATHS[sdk=macosx*]" = "@executable_path/../Frameworks";
				MACOSX_DEPLOYMENT_TARGET = 14.0;
				MARKETING_VERSION = 1.0;
				PRODUCT_BUNDLE_IDENTIFIER = com.daniel.gui;
				PRODUCT_NAME = "$(TARGET_NAME)";
				SDKROOT = auto;
				SUPPORTED_PLATFORMS = "iphoneos iphonesimulator macosx";
				SWIFT_EMIT_LOC_STRINGS = YES;
				SWIFT_VERSION = 5.0;
				TARGETED_DEVICE_FAMILY = "1,2";
			};
			name = Debug;
		};
		625C8CC22AF824580025F84A /* Release */ = {
			isa = XCBuildConfiguration;
			buildSettings = {
				ASSETCATALOG_COMPILER_APPICON_NAME = AppIcon;
				ASSETCATALOG_COMPILER_GLOBAL_ACCENT_COLOR_NAME = AccentColor;
				CODE_SIGN_ENTITLEMENTS = gui/gui.entitlements;
				CODE_SIGN_STYLE = Automatic;
				CURRENT_PROJECT_VERSION = 1;
				DEVELOPMENT_ASSET_PATHS = "\"gui/Preview Content\"";
				DEVELOPMENT_TEAM = M5822C5647;
				ENABLE_HARDENED_RUNTIME = YES;
				ENABLE_PREVIEWS = YES;
				GENERATE_INFOPLIST_FILE = YES;
				"INFOPLIST_KEY_UIApplicationSceneManifest_Generation[sdk=iphoneos*]" = YES;
				"INFOPLIST_KEY_UIApplicationSceneManifest_Generation[sdk=iphonesimulator*]" = YES;
				"INFOPLIST_KEY_UIApplicationSupportsIndirectInputEvents[sdk=iphoneos*]" = YES;
				"INFOPLIST_KEY_UIApplicationSupportsIndirectInputEvents[sdk=iphonesimulator*]" = YES;
				"INFOPLIST_KEY_UILaunchScreen_Generation[sdk=iphoneos*]" = YES;
				"INFOPLIST_KEY_UILaunchScreen_Generation[sdk=iphonesimulator*]" = YES;
				"INFOPLIST_KEY_UIStatusBarStyle[sdk=iphoneos*]" = UIStatusBarStyleDefault;
				"INFOPLIST_KEY_UIStatusBarStyle[sdk=iphonesimulator*]" = UIStatusBarStyleDefault;
				INFOPLIST_KEY_UISupportedInterfaceOrientations_iPad = "UIInterfaceOrientationPortrait UIInterfaceOrientationPortraitUpsideDown UIInterfaceOrientationLandscapeLeft UIInterfaceOrientationLandscapeRight";
				INFOPLIST_KEY_UISupportedInterfaceOrientations_iPhone = "UIInterfaceOrientationPortrait UIInterfaceOrientationLandscapeLeft UIInterfaceOrientationLandscapeRight";
				IPHONEOS_DEPLOYMENT_TARGET = 17.0;
				LD_RUNPATH_SEARCH_PATHS = "@executable_path/Frameworks";
				"LD_RUNPATH_SEARCH_PATHS[sdk=macosx*]" = "@executable_path/../Frameworks";
				MACOSX_DEPLOYMENT_TARGET = 14.0;
				MARKETING_VERSION = 1.0;
				PRODUCT_BUNDLE_IDENTIFIER = com.daniel.gui;
				PRODUCT_NAME = "$(TARGET_NAME)";
				SDKROOT = auto;
				SUPPORTED_PLATFORMS = "iphoneos iphonesimulator macosx";
				SWIFT_EMIT_LOC_STRINGS = YES;
				SWIFT_VERSION = 5.0;
				TARGETED_DEVICE_FAMILY = "1,2";
			};
			name = Release;
		};
		625C8CC42AF824580025F84A /* Debug */ = {
			isa = XCBuildConfiguration;
			buildSettings = {
				ALWAYS_EMBED_SWIFT_STANDARD_LIBRARIES = YES;
				BUNDLE_LOADER = "$(TEST_HOST)";
				CODE_SIGN_STYLE = Automatic;
				CURRENT_PROJECT_VERSION = 1;
				DEVELOPMENT_TEAM = M5822C5647;
				GENERATE_INFOPLIST_FILE = YES;
				IPHONEOS_DEPLOYMENT_TARGET = 17.0;
				MACOSX_DEPLOYMENT_TARGET = 14.0;
				MARKETING_VERSION = 1.0;
				PRODUCT_BUNDLE_IDENTIFIER = com.daniel.guiTests;
				PRODUCT_NAME = "$(TARGET_NAME)";
				SDKROOT = auto;
				SUPPORTED_PLATFORMS = "iphoneos iphonesimulator macosx";
				SWIFT_EMIT_LOC_STRINGS = NO;
				SWIFT_VERSION = 5.0;
				TARGETED_DEVICE_FAMILY = "1,2";
				TEST_HOST = "$(BUILT_PRODUCTS_DIR)/gui.app/$(BUNDLE_EXECUTABLE_FOLDER_PATH)/gui";
			};
			name = Debug;
		};
		625C8CC52AF824580025F84A /* Release */ = {
			isa = XCBuildConfiguration;
			buildSettings = {
				ALWAYS_EMBED_SWIFT_STANDARD_LIBRARIES = YES;
				BUNDLE_LOADER = "$(TEST_HOST)";
				CODE_SIGN_STYLE = Automatic;
				CURRENT_PROJECT_VERSION = 1;
				DEVELOPMENT_TEAM = M5822C5647;
				GENERATE_INFOPLIST_FILE = YES;
				IPHONEOS_DEPLOYMENT_TARGET = 17.0;
				MACOSX_DEPLOYMENT_TARGET = 14.0;
				MARKETING_VERSION = 1.0;
				PRODUCT_BUNDLE_IDENTIFIER = com.daniel.guiTests;
				PRODUCT_NAME = "$(TARGET_NAME)";
				SDKROOT = auto;
				SUPPORTED_PLATFORMS = "iphoneos iphonesimulator macosx";
				SWIFT_EMIT_LOC_STRINGS = NO;
				SWIFT_VERSION = 5.0;
				TARGETED_DEVICE_FAMILY = "1,2";
				TEST_HOST = "$(BUILT_PRODUCTS_DIR)/gui.app/$(BUNDLE_EXECUTABLE_FOLDER_PATH)/gui";
			};
			name = Release;
		};
		625C8CC72AF824580025F84A /* Debug */ = {
			isa = XCBuildConfiguration;
			buildSettings = {
				ALWAYS_EMBED_SWIFT_STANDARD_LIBRARIES = YES;
				CODE_SIGN_STYLE = Automatic;
				CURRENT_PROJECT_VERSION = 1;
				DEVELOPMENT_TEAM = M5822C5647;
				GENERATE_INFOPLIST_FILE = YES;
				IPHONEOS_DEPLOYMENT_TARGET = 17.0;
				MACOSX_DEPLOYMENT_TARGET = 14.0;
				MARKETING_VERSION = 1.0;
				PRODUCT_BUNDLE_IDENTIFIER = com.daniel.guiUITests;
				PRODUCT_NAME = "$(TARGET_NAME)";
				SDKROOT = auto;
				SUPPORTED_PLATFORMS = "iphoneos iphonesimulator macosx";
				SWIFT_EMIT_LOC_STRINGS = NO;
				SWIFT_VERSION = 5.0;
				TARGETED_DEVICE_FAMILY = "1,2";
				TEST_TARGET_NAME = gui;
			};
			name = Debug;
		};
		625C8CC82AF824580025F84A /* Release */ = {
			isa = XCBuildConfiguration;
			buildSettings = {
				ALWAYS_EMBED_SWIFT_STANDARD_LIBRARIES = YES;
				CODE_SIGN_STYLE = Automatic;
				CURRENT_PROJECT_VERSION = 1;
				DEVELOPMENT_TEAM = M5822C5647;
				GENERATE_INFOPLIST_FILE = YES;
				IPHONEOS_DEPLOYMENT_TARGET = 17.0;
				MACOSX_DEPLOYMENT_TARGET = 14.0;
				MARKETING_VERSION = 1.0;
				PRODUCT_BUNDLE_IDENTIFIER = com.daniel.guiUITests;
				PRODUCT_NAME = "$(TARGET_NAME)";
				SDKROOT = auto;
				SUPPORTED_PLATFORMS = "iphoneos iphonesimulator macosx";
				SWIFT_EMIT_LOC_STRINGS = NO;
				SWIFT_VERSION = 5.0;
				TARGETED_DEVICE_FAMILY = "1,2";
				TEST_TARGET_NAME = gui;
			};
			name = Release;
		};
/* End XCBuildConfiguration section */

/* Begin XCConfigurationList section */
		625C8C962AF824570025F84A /* Build configuration list for PBXProject "gui" */ = {
			isa = XCConfigurationList;
			buildConfigurations = (
				625C8CBE2AF824580025F84A /* Debug */,
				625C8CBF2AF824580025F84A /* Release */,
			);
			defaultConfigurationIsVisible = 0;
			defaultConfigurationName = Release;
		};
		625C8CC02AF824580025F84A /* Build configuration list for PBXNativeTarget "gui" */ = {
			isa = XCConfigurationList;
			buildConfigurations = (
				625C8CC12AF824580025F84A /* Debug */,
				625C8CC22AF824580025F84A /* Release */,
			);
			defaultConfigurationIsVisible = 0;
			defaultConfigurationName = Release;
		};
		625C8CC32AF824580025F84A /* Build configuration list for PBXNativeTarget "guiTests" */ = {
			isa = XCConfigurationList;
			buildConfigurations = (
				625C8CC42AF824580025F84A /* Debug */,
				625C8CC52AF824580025F84A /* Release */,
			);
			defaultConfigurationIsVisible = 0;
			defaultConfigurationName = Release;
		};
		625C8CC62AF824580025F84A /* Build configuration list for PBXNativeTarget "guiUITests" */ = {
			isa = XCConfigurationList;
			buildConfigurations = (
				625C8CC72AF824580025F84A /* Debug */,
				625C8CC82AF824580025F84A /* Release */,
			);
			defaultConfigurationIsVisible = 0;
			defaultConfigurationName = Release;
		};
/* End XCConfigurationList section */
	};
	rootObject = 625C8C932AF824570025F84A /* Project object */;
}
